
Microsoft Visual Studio Solution File, Format Version 12.00
# Visual Studio Version 17
VisualStudioVersion = 17.0.31903.59
MinimumVisualStudioVersion = 10.0.40219.1
Project("{2150E333-8FDC-42A3-9474-1A3956D46DE8}") = "LojaSeuManoel.Api", "LojaSeuManoel.Api", "{7871F67A-CB86-4462-BBF8-9742C5BAE87B}"
EndProject
Project("{2150E333-8FDC-42A3-9474-1A3956D46DE8}") = "LojaSeuManoel.Application", "LojaSeuManoel.Application", "{AC809CAF-A193-4D15-83C1-6C2739D9E428}"
EndProject
Project("{2150E333-8FDC-42A3-9474-1A3956D46DE8}") = "LojaSeuManoel.Infrastructure", "LojaSeuManoel.Infrastructure", "{4840F559-E87D-44FE-B042-94B9CBFE7A15}"
EndProject
Project("{2150E333-8FDC-42A3-9474-1A3956D46DE8}") = "LojaSeuManoel.Domain", "LojaSeuManoel.Domain", "{4E149EDA-4A5B-49E4-916C-B3BD2FBF93E1}"
EndProject
Project("{9A19103F-16F7-4668-BE54-9A1E7A4F7556}") = "LojaSeuManoel.Api", "LojaSeuManoel.Api\LojaSeuManoel.Api.csproj", "{CEDE2902-D9E7-44C0-9581-D0CE66A85E94}"
EndProject
Project("{9A19103F-16F7-4668-BE54-9A1E7A4F7556}") = "LojaSeuManoel.Infrastructure", "LojaSeuManoel.Infrastructure\LojaSeuManoel.Infrastructure.csproj", "{0EAE03D2-4890-457D-B9CC-B1FA158A27DE}"
EndProject
Project("{9A19103F-16F7-4668-BE54-9A1E7A4F7556}") = "LojaSeuManoel.Application", "LojaSeuManoel.Application\LojaSeuManoel.Application.csproj", "{F8D1BE26-68FC-4F8B-B0B4-D37ACB4A81D3}"
EndProject
Project("{9A19103F-16F7-4668-BE54-9A1E7A4F7556}") = "LojaSeuManoel.Domain", "LojaSeuManoel.Domain\LojaSeuManoel.Domain.csproj", "{67E34263-28FD-45AF-9668-73D38AAA569C}"
EndProject
Project("{E53339B2-1760-4266-BCC7-CA923CBCF16C}") = "docker-compose", "docker-compose.dcproj", "{00717FF9-7901-4D60-BB3D-D24DDE940A1B}"
EndProject
Project("{2150E333-8FDC-42A3-9474-1A3956D46DE8}") = "LojaSeuManoel.Tests", "LojaSeuManoel.Tests", "{4D1E3555-3E71-4B11-A66E-368A3D7C47CE}"
EndProject
Project("{FAE04EC0-301F-11D3-BF4B-00C04F79EFBC}") = "LojaSeuManoel.Tests", "..\LojaSeuManoel.Tests\LojaSeuManoel.Tests.csproj", "{6ADD16E0-D383-4A3D-B3F6-AC17F0154D34}"
EndProject
Global
	GlobalSection(SolutionConfigurationPlatforms) = preSolution
		Debug|Any CPU = Debug|Any CPU
		Release|Any CPU = Release|Any CPU
	EndGlobalSection
	GlobalSection(ProjectConfigurationPlatforms) = postSolution
		{CEDE2902-D9E7-44C0-9581-D0CE66A85E94}.Debug|Any CPU.ActiveCfg = Debug|Any CPU
		{CEDE2902-D9E7-44C0-9581-D0CE66A85E94}.Debug|Any CPU.Build.0 = Debug|Any CPU
		{CEDE2902-D9E7-44C0-9581-D0CE66A85E94}.Release|Any CPU.ActiveCfg = Release|Any CPU
		{CEDE2902-D9E7-44C0-9581-D0CE66A85E94}.Release|Any CPU.Build.0 = Release|Any CPU
		{0EAE03D2-4890-457D-B9CC-B1FA158A27DE}.Debug|Any CPU.ActiveCfg = Debug|Any CPU
		{0EAE03D2-4890-457D-B9CC-B1FA158A27DE}.Debug|Any CPU.Build.0 = Debug|Any CPU
		{0EAE03D2-4890-457D-B9CC-B1FA158A27DE}.Release|Any CPU.ActiveCfg = Release|Any CPU
		{0EAE03D2-4890-457D-B9CC-B1FA158A27DE}.Release|Any CPU.Build.0 = Release|Any CPU
		{F8D1BE26-68FC-4F8B-B0B4-D37ACB4A81D3}.Debug|Any CPU.ActiveCfg = Debug|Any CPU
		{F8D1BE26-68FC-4F8B-B0B4-D37ACB4A81D3}.Debug|Any CPU.Build.0 = Debug|Any CPU
		{F8D1BE26-68FC-4F8B-B0B4-D37ACB4A81D3}.Release|Any CPU.ActiveCfg = Release|Any CPU
		{F8D1BE26-68FC-4F8B-B0B4-D37ACB4A81D3}.Release|Any CPU.Build.0 = Release|Any CPU
		{67E34263-28FD-45AF-9668-73D38AAA569C}.Debug|Any CPU.ActiveCfg = Debug|Any CPU
		{67E34263-28FD-45AF-9668-73D38AAA569C}.Debug|Any CPU.Build.0 = Debug|Any CPU
		{67E34263-28FD-45AF-9668-73D38AAA569C}.Release|Any CPU.ActiveCfg = Release|Any CPU
		{67E34263-28FD-45AF-9668-73D38AAA569C}.Release|Any CPU.Build.0 = Release|Any CPU
		{00717FF9-7901-4D60-BB3D-D24DDE940A1B}.Debug|Any CPU.ActiveCfg = Debug|Any CPU
		{00717FF9-7901-4D60-BB3D-D24DDE940A1B}.Debug|Any CPU.Build.0 = Debug|Any CPU
		{00717FF9-7901-4D60-BB3D-D24DDE940A1B}.Release|Any CPU.ActiveCfg = Release|Any CPU
		{00717FF9-7901-4D60-BB3D-D24DDE940A1B}.Release|Any CPU.Build.0 = Release|Any CPU
		{6ADD16E0-D383-4A3D-B3F6-AC17F0154D34}.Debug|Any CPU.ActiveCfg = Debug|Any CPU
		{6ADD16E0-D383-4A3D-B3F6-AC17F0154D34}.Debug|Any CPU.Build.0 = Debug|Any CPU
		{6ADD16E0-D383-4A3D-B3F6-AC17F0154D34}.Release|Any CPU.ActiveCfg = Release|Any CPU
		{6ADD16E0-D383-4A3D-B3F6-AC17F0154D34}.Release|Any CPU.Build.0 = Release|Any CPU
	EndGlobalSection
	GlobalSection(SolutionProperties) = preSolution
		HideSolutionNode = FALSE
	EndGlobalSection
	GlobalSection(NestedProjects) = preSolution
		{CEDE2902-D9E7-44C0-9581-D0CE66A85E94} = {7871F67A-CB86-4462-BBF8-9742C5BAE87B}
		{0EAE03D2-4890-457D-B9CC-B1FA158A27DE} = {4840F559-E87D-44FE-B042-94B9CBFE7A15}
		{F8D1BE26-68FC-4F8B-B0B4-D37ACB4A81D3} = {AC809CAF-A193-4D15-83C1-6C2739D9E428}
		{67E34263-28FD-45AF-9668-73D38AAA569C} = {4E149EDA-4A5B-49E4-916C-B3BD2FBF93E1}
		{6ADD16E0-D383-4A3D-B3F6-AC17F0154D34} = {4D1E3555-3E71-4B11-A66E-368A3D7C47CE}
	EndGlobalSection
	GlobalSection(ExtensibilityGlobals) = postSolution
		SolutionGuid = {421A6413-D0C1-4BA9-8A29-F5475921506E}
	EndGlobalSection
EndGlobal
